
Microsoft Visual Studio Solution File, Format Version 12.00
# Visual Studio 2012
Project("{FAE04EC0-301F-11D3-BF4B-00C04F79EFBC}") = "RangeSliderView", "RangeSliderView\RangeSliderView.csproj", "{A00E16DB-0AA9-4FD1-A879-7199D1033948}"
EndProject
Project("{FAE04EC0-301F-11D3-BF4B-00C04F79EFBC}") = "RangeSliderView.iOS", "iOS\RangeSliderView.iOS.csproj", "{259D12E4-E8E8-461A-8B17-06689F5FE97B}"
EndProject
Project("{FAE04EC0-301F-11D3-BF4B-00C04F79EFBC}") = "RangeSliderView.Droid", "Droid\RangeSliderView.Droid.csproj", "{04C3797B-0860-4B68-8A06-6F19AA0CA3BE}"
EndProject
Global
	GlobalSection(SolutionConfigurationPlatforms) = preSolution
		Debug|Any CPU = Debug|Any CPU
		Release|Any CPU = Release|Any CPU
		Debug|iPhoneSimulator = Debug|iPhoneSimulator
		Release|iPhone = Release|iPhone
		Release|iPhoneSimulator = Release|iPhoneSimulator
		Debug|iPhone = Debug|iPhone
	EndGlobalSection
	GlobalSection(ProjectConfigurationPlatforms) = postSolution
		{04C3797B-0860-4B68-8A06-6F19AA0CA3BE}.Debug|Any CPU.ActiveCfg = Debug|Any CPU
		{04C3797B-0860-4B68-8A06-6F19AA0CA3BE}.Debug|Any CPU.Build.0 = Debug|Any CPU
		{04C3797B-0860-4B68-8A06-6F19AA0CA3BE}.Debug|iPhone.ActiveCfg = Debug|Any CPU
		{04C3797B-0860-4B68-8A06-6F19AA0CA3BE}.Debug|iPhone.Build.0 = Debug|Any CPU
		{04C3797B-0860-4B68-8A06-6F19AA0CA3BE}.Debug|iPhoneSimulator.ActiveCfg = Debug|Any CPU
		{04C3797B-0860-4B68-8A06-6F19AA0CA3BE}.Debug|iPhoneSimulator.Build.0 = Debug|Any CPU
		{04C3797B-0860-4B68-8A06-6F19AA0CA3BE}.Release|Any CPU.ActiveCfg = Release|Any CPU
		{04C3797B-0860-4B68-8A06-6F19AA0CA3BE}.Release|Any CPU.Build.0 = Release|Any CPU
		{04C3797B-0860-4B68-8A06-6F19AA0CA3BE}.Release|iPhone.ActiveCfg = Release|Any CPU
		{04C3797B-0860-4B68-8A06-6F19AA0CA3BE}.Release|iPhone.Build.0 = Release|Any CPU
		{04C3797B-0860-4B68-8A06-6F19AA0CA3BE}.Release|iPhoneSimulator.ActiveCfg = Release|Any CPU
		{04C3797B-0860-4B68-8A06-6F19AA0CA3BE}.Release|iPhoneSimulator.Build.0 = Release|Any CPU
		{259D12E4-E8E8-461A-8B17-06689F5FE97B}.Debug|Any CPU.ActiveCfg = Debug|iPhoneSimulator
		{259D12E4-E8E8-461A-8B17-06689F5FE97B}.Debug|Any CPU.Build.0 = Debug|iPhoneSimulator
		{259D12E4-E8E8-461A-8B17-06689F5FE97B}.Debug|iPhone.ActiveCfg = Debug|iPhone
		{259D12E4-E8E8-461A-8B17-06689F5FE97B}.Debug|iPhone.Build.0 = Debug|iPhone
		{259D12E4-E8E8-461A-8B17-06689F5FE97B}.Debug|iPhoneSimulator.ActiveCfg = Debug|iPhoneSimulator
		{259D12E4-E8E8-461A-8B17-06689F5FE97B}.Debug|iPhoneSimulator.Build.0 = Debug|iPhoneSimulator
		{259D12E4-E8E8-461A-8B17-06689F5FE97B}.Release|Any CPU.ActiveCfg = Release|iPhone
		{259D12E4-E8E8-461A-8B17-06689F5FE97B}.Release|Any CPU.Build.0 = Release|iPhone
		{259D12E4-E8E8-461A-8B17-06689F5FE97B}.Release|iPhone.ActiveCfg = Release|iPhone
		{259D12E4-E8E8-461A-8B17-06689F5FE97B}.Release|iPhone.Build.0 = Release|iPhone
		{259D12E4-E8E8-461A-8B17-06689F5FE97B}.Release|iPhoneSimulator.ActiveCfg = Release|iPhoneSimulator
		{259D12E4-E8E8-461A-8B17-06689F5FE97B}.Release|iPhoneSimulator.Build.0 = Release|iPhoneSimulator
		{A00E16DB-0AA9-4FD1-A879-7199D1033948}.Debug|Any CPU.ActiveCfg = Debug|Any CPU
		{A00E16DB-0AA9-4FD1-A879-7199D1033948}.Debug|Any CPU.Build.0 = Debug|Any CPU
		{A00E16DB-0AA9-4FD1-A879-7199D1033948}.Debug|iPhone.ActiveCfg = Debug|Any CPU
		{A00E16DB-0AA9-4FD1-A879-7199D1033948}.Debug|iPhone.Build.0 = Debug|Any CPU
		{A00E16DB-0AA9-4FD1-A879-7199D1033948}.Debug|iPhoneSimulator.ActiveCfg = Debug|Any CPU
		{A00E16DB-0AA9-4FD1-A879-7199D1033948}.Debug|iPhoneSimulator.Build.0 = Debug|Any CPU
		{A00E16DB-0AA9-4FD1-A879-7199D1033948}.Release|Any CPU.ActiveCfg = Release|Any CPU
		{A00E16DB-0AA9-4FD1-A879-7199D1033948}.Release|Any CPU.Build.0 = Release|Any CPU
		{A00E16DB-0AA9-4FD1-A879-7199D1033948}.Release|iPhone.ActiveCfg = Release|Any CPU
		{A00E16DB-0AA9-4FD1-A879-7199D1033948}.Release|iPhone.Build.0 = Release|Any CPU
		{A00E16DB-0AA9-4FD1-A879-7199D1033948}.Release|iPhoneSimulator.ActiveCfg = Release|Any CPU
		{A00E16DB-0AA9-4FD1-A879-7199D1033948}.Release|iPhoneSimulator.Build.0 = Release|Any CPU
	EndGlobalSection
EndGlobal
